// !$*UTF8*$!
{
	archiveVersion = 1;
	classes = {
	};
	objectVersion = 46;
	objects = {

/* Begin PBXBuildFile section */
		BFCAF2181D32299F007BD027 /* AppDelegate.swift in Sources */ = {isa = PBXBuildFile; fileRef = BFCAF2171D32299F007BD027 /* AppDelegate.swift */; };
		BFCAF21A1D32299F007BD027 /* ViewController.swift in Sources */ = {isa = PBXBuildFile; fileRef = BFCAF2191D32299F007BD027 /* ViewController.swift */; };
		BFCAF21D1D32299F007BD027 /* Main.storyboard in Resources */ = {isa = PBXBuildFile; fileRef = BFCAF21B1D32299F007BD027 /* Main.storyboard */; };
		BFCAF21F1D32299F007BD027 /* Assets.xcassets in Resources */ = {isa = PBXBuildFile; fileRef = BFCAF21E1D32299F007BD027 /* Assets.xcassets */; };
		BFCAF2221D32299F007BD027 /* LaunchScreen.storyboard in Resources */ = {isa = PBXBuildFile; fileRef = BFCAF2201D32299F007BD027 /* LaunchScreen.storyboard */; };
		BFCAF22D1D32299F007BD027 /* LoveFinderTests.swift in Sources */ = {isa = PBXBuildFile; fileRef = BFCAF22C1D32299F007BD027 /* LoveFinderTests.swift */; };
		BFCAF2381D32299F007BD027 /* LoveFinderUITests.swift in Sources */ = {isa = PBXBuildFile; fileRef = BFCAF2371D32299F007BD027 /* LoveFinderUITests.swift */; };
/* End PBXBuildFile section */

/* Begin PBXContainerItemProxy section */
		BFCAF2291D32299F007BD027 /* PBXContainerItemProxy */ = {
			isa = PBXContainerItemProxy;
			containerPortal = BFCAF20C1D32299F007BD027 /* Project object */;
			proxyType = 1;
			remoteGlobalIDString = BFCAF2131D32299F007BD027;
			remoteInfo = LoveFinder;
		};
		BFCAF2341D32299F007BD027 /* PBXContainerItemProxy */ = {
			isa = PBXContainerItemProxy;
			containerPortal = BFCAF20C1D32299F007BD027 /* Project object */;
			proxyType = 1;
			remoteGlobalIDString = BFCAF2131D32299F007BD027;
			remoteInfo = LoveFinder;
		};
/* End PBXContainerItemProxy section */

/* Begin PBXFileReference section */
		BFCAF2141D32299F007BD027 /* LoveFinder.app */ = {isa = PBXFileReference; explicitFileType = wrapper.application; includeInIndex = 0; path = LoveFinder.app; sourceTree = BUILT_PRODUCTS_DIR; };
		BFCAF2171D32299F007BD027 /* AppDelegate.swift */ = {isa = PBXFileReference; lastKnownFileType = sourcecode.swift; path = AppDelegate.swift; sourceTree = "<group>"; };
		BFCAF2191D32299F007BD027 /* ViewController.swift */ = {isa = PBXFileReference; lastKnownFileType = sourcecode.swift; path = ViewController.swift; sourceTree = "<group>"; };
		BFCAF21C1D32299F007BD027 /* Base */ = {isa = PBXFileReference; lastKnownFileType = file.storyboard; name = Base; path = Base.lproj/Main.storyboard; sourceTree = "<group>"; };
		BFCAF21E1D32299F007BD027 /* Assets.xcassets */ = {isa = PBXFileReference; lastKnownFileType = folder.assetcatalog; path = Assets.xcassets; sourceTree = "<group>"; };
		BFCAF2211D32299F007BD027 /* Base */ = {isa = PBXFileReference; lastKnownFileType = file.storyboard; name = Base; path = Base.lproj/LaunchScreen.storyboard; sourceTree = "<group>"; };
		BFCAF2231D32299F007BD027 /* Info.plist */ = {isa = PBXFileReference; lastKnownFileType = text.plist.xml; path = Info.plist; sourceTree = "<group>"; };
		BFCAF2281D32299F007BD027 /* LoveFinderTests.xctest */ = {isa = PBXFileReference; explicitFileType = wrapper.cfbundle; includeInIndex = 0; path = LoveFinderTests.xctest; sourceTree = BUILT_PRODUCTS_DIR; };
		BFCAF22C1D32299F007BD027 /* LoveFinderTests.swift */ = {isa = PBXFileReference; lastKnownFileType = sourcecode.swift; path = LoveFinderTests.swift; sourceTree = "<group>"; };
		BFCAF22E1D32299F007BD027 /* Info.plist */ = {isa = PBXFileReference; lastKnownFileType = text.plist.xml; path = Info.plist; sourceTree = "<group>"; };
		BFCAF2331D32299F007BD027 /* LoveFinderUITests.xctest */ = {isa = PBXFileReference; explicitFileType = wrapper.cfbundle; includeInIndex = 0; path = LoveFinderUITests.xctest; sourceTree = BUILT_PRODUCTS_DIR; };
		BFCAF2371D32299F007BD027 /* LoveFinderUITests.swift */ = {isa = PBXFileReference; lastKnownFileType = sourcecode.swift; path = LoveFinderUITests.swift; sourceTree = "<group>"; };
		BFCAF2391D32299F007BD027 /* Info.plist */ = {isa = PBXFileReference; lastKnownFileType = text.plist.xml; path = Info.plist; sourceTree = "<group>"; };
/* End PBXFileReference section */

/* Begin PBXFrameworksBuildPhase section */
		BFCAF2111D32299F007BD027 /* Frameworks */ = {
			isa = PBXFrameworksBuildPhase;
			buildActionMask = 2147483647;
			files = (
			);
			runOnlyForDeploymentPostprocessing = 0;
		};
		BFCAF2251D32299F007BD027 /* Frameworks */ = {
			isa = PBXFrameworksBuildPhase;
			buildActionMask = 2147483647;
			files = (
			);
			runOnlyForDeploymentPostprocessing = 0;
		};
		BFCAF2301D32299F007BD027 /* Frameworks */ = {
			isa = PBXFrameworksBuildPhase;
			buildActionMask = 2147483647;
			files = (
			);
			runOnlyForDeploymentPostprocessing = 0;
		};
/* End PBXFrameworksBuildPhase section */

/* Begin PBXGroup section */
		BFCAF20B1D32299F007BD027 = {
			isa = PBXGroup;
			children = (
				BFCAF2161D32299F007BD027 /* LoveFinder */,
				BFCAF22B1D32299F007BD027 /* LoveFinderTests */,
				BFCAF2361D32299F007BD027 /* LoveFinderUITests */,
				BFCAF2151D32299F007BD027 /* Products */,
			);
			sourceTree = "<group>";
		};
		BFCAF2151D32299F007BD027 /* Products */ = {
			isa = PBXGroup;
			children = (
				BFCAF2141D32299F007BD027 /* LoveFinder.app */,
				BFCAF2281D32299F007BD027 /* LoveFinderTests.xctest */,
				BFCAF2331D32299F007BD027 /* LoveFinderUITests.xctest */,
			);
			name = Products;
			sourceTree = "<group>";
		};
		BFCAF2161D32299F007BD027 /* LoveFinder */ = {
			isa = PBXGroup;
			children = (
				BFCAF2171D32299F007BD027 /* AppDelegate.swift */,
				BFCAF2191D32299F007BD027 /* ViewController.swift */,
				BFCAF21B1D32299F007BD027 /* Main.storyboard */,
				BFCAF21E1D32299F007BD027 /* Assets.xcassets */,
				BFCAF2201D32299F007BD027 /* LaunchScreen.storyboard */,
				BFCAF2231D32299F007BD027 /* Info.plist */,
			);
			path = LoveFinder;
			sourceTree = "<group>";
		};
		BFCAF22B1D32299F007BD027 /* LoveFinderTests */ = {
			isa = PBXGroup;
			children = (
				BFCAF22C1D32299F007BD027 /* LoveFinderTests.swift */,
				BFCAF22E1D32299F007BD027 /* Info.plist */,
			);
			path = LoveFinderTests;
			sourceTree = "<group>";
		};
		BFCAF2361D32299F007BD027 /* LoveFinderUITests */ = {
			isa = PBXGroup;
			children = (
				BFCAF2371D32299F007BD027 /* LoveFinderUITests.swift */,
				BFCAF2391D32299F007BD027 /* Info.plist */,
			);
			path = LoveFinderUITests;
			sourceTree = "<group>";
		};
/* End PBXGroup section */

/* Begin PBXNativeTarget section */
		BFCAF2131D32299F007BD027 /* LoveFinder */ = {
			isa = PBXNativeTarget;
			buildConfigurationList = BFCAF23C1D32299F007BD027 /* Build configuration list for PBXNativeTarget "LoveFinder" */;
			buildPhases = (
				BFCAF2101D32299F007BD027 /* Sources */,
				BFCAF2111D32299F007BD027 /* Frameworks */,
				BFCAF2121D32299F007BD027 /* Resources */,
			);
			buildRules = (
			);
			dependencies = (
			);
			name = LoveFinder;
			productName = LoveFinder;
			productReference = BFCAF2141D32299F007BD027 /* LoveFinder.app */;
			productType = "com.apple.product-type.application";
		};
		BFCAF2271D32299F007BD027 /* LoveFinderTests */ = {
			isa = PBXNativeTarget;
			buildConfigurationList = BFCAF23F1D32299F007BD027 /* Build configuration list for PBXNativeTarget "LoveFinderTests" */;
			buildPhases = (
				BFCAF2241D32299F007BD027 /* Sources */,
				BFCAF2251D32299F007BD027 /* Frameworks */,
				BFCAF2261D32299F007BD027 /* Resources */,
			);
			buildRules = (
			);
			dependencies = (
				BFCAF22A1D32299F007BD027 /* PBXTargetDependency */,
			);
			name = LoveFinderTests;
			productName = LoveFinderTests;
			productReference = BFCAF2281D32299F007BD027 /* LoveFinderTests.xctest */;
			productType = "com.apple.product-type.bundle.unit-test";
		};
		BFCAF2321D32299F007BD027 /* LoveFinderUITests */ = {
			isa = PBXNativeTarget;
			buildConfigurationList = BFCAF2421D32299F007BD027 /* Build configuration list for PBXNativeTarget "LoveFinderUITests" */;
			buildPhases = (
				BFCAF22F1D32299F007BD027 /* Sources */,
				BFCAF2301D32299F007BD027 /* Frameworks */,
				BFCAF2311D32299F007BD027 /* Resources */,
			);
			buildRules = (
			);
			dependencies = (
				BFCAF2351D32299F007BD027 /* PBXTargetDependency */,
			);
			name = LoveFinderUITests;
			productName = LoveFinderUITests;
			productReference = BFCAF2331D32299F007BD027 /* LoveFinderUITests.xctest */;
			productType = "com.apple.product-type.bundle.ui-testing";
		};
/* End PBXNativeTarget section */

/* Begin PBXProject section */
		BFCAF20C1D32299F007BD027 /* Project object */ = {
			isa = PBXProject;
			attributes = {
				LastSwiftUpdateCheck = 0730;
				LastUpgradeCheck = 0730;
				ORGANIZATIONNAME = "杨逸飞";
				TargetAttributes = {
					BFCAF2131D32299F007BD027 = {
						CreatedOnToolsVersion = 7.3.1;
					};
					BFCAF2271D32299F007BD027 = {
						CreatedOnToolsVersion = 7.3.1;
						TestTargetID = BFCAF2131D32299F007BD027;
					};
					BFCAF2321D32299F007BD027 = {
						CreatedOnToolsVersion = 7.3.1;
						TestTargetID = BFCAF2131D32299F007BD027;
					};
				};
			};
			buildConfigurationList = BFCAF20F1D32299F007BD027 /* Build configuration list for PBXProject "LoveFinder" */;
			compatibilityVersion = "Xcode 3.2";
			developmentRegion = English;
			hasScannedForEncodings = 0;
			knownRegions = (
				en,
				Base,
			);
			mainGroup = BFCAF20B1D32299F007BD027;
			productRefGroup = BFCAF2151D32299F007BD027 /* Products */;
			projectDirPath = "";
			projectRoot = "";
			targets = (
				BFCAF2131D32299F007BD027 /* LoveFinder */,
				BFCAF2271D32299F007BD027 /* LoveFinderTests */,
				BFCAF2321D32299F007BD027 /* LoveFinderUITests */,
			);
		};
/* End PBXProject section */

/* Begin PBXResourcesBuildPhase section */
		BFCAF2121D32299F007BD027 /* Resources */ = {
			isa = PBXResourcesBuildPhase;
			buildActionMask = 2147483647;
			files = (
				BFCAF2221D32299F007BD027 /* LaunchScreen.storyboard in Resources */,
				BFCAF21F1D32299F007BD027 /* Assets.xcassets in Resources */,
				BFCAF21D1D32299F007BD027 /* Main.storyboard in Resources */,
			);
			runOnlyForDeploymentPostprocessing = 0;
		};
		BFCAF2261D32299F007BD027 /* Resources */ = {
			isa = PBXResourcesBuildPhase;
			buildActionMask = 2147483647;
			files = (
			);
			runOnlyForDeploymentPostprocessing = 0;
		};
		BFCAF2311D32299F007BD027 /* Resources */ = {
			isa = PBXResourcesBuildPhase;
			buildActionMask = 2147483647;
			files = (
			);
			runOnlyForDeploymentPostprocessing = 0;
		};
/* End PBXResourcesBuildPhase section */

/* Begin PBXSourcesBuildPhase section */
		BFCAF2101D32299F007BD027 /* Sources */ = {
			isa = PBXSourcesBuildPhase;
			buildActionMask = 2147483647;
			files = (
				BFCAF21A1D32299F007BD027 /* ViewController.swift in Sources */,
				BFCAF2181D32299F007BD027 /* AppDelegate.swift in Sources */,
			);
			runOnlyForDeploymentPostprocessing = 0;
		};
		BFCAF2241D32299F007BD027 /* Sources */ = {
			isa = PBXSourcesBuildPhase;
			buildActionMask = 2147483647;
			files = (
				BFCAF22D1D32299F007BD027 /* LoveFinderTests.swift in Sources */,
			);
			runOnlyForDeploymentPostprocessing = 0;
		};
		BFCAF22F1D32299F007BD027 /* Sources */ = {
			isa = PBXSourcesBuildPhase;
			buildActionMask = 2147483647;
			files = (
				BFCAF2381D32299F007BD027 /* LoveFinderUITests.swift in Sources */,
			);
			runOnlyForDeploymentPostprocessing = 0;
		};
/* End PBXSourcesBuildPhase section */

/* Begin PBXTargetDependency section */
		BFCAF22A1D32299F007BD027 /* PBXTargetDependency */ = {
			isa = PBXTargetDependency;
			target = BFCAF2131D32299F007BD027 /* LoveFinder */;
			targetProxy = BFCAF2291D32299F007BD027 /* PBXContainerItemProxy */;
		};
		BFCAF2351D32299F007BD027 /* PBXTargetDependency */ = {
			isa = PBXTargetDependency;
			target = BFCAF2131D32299F007BD027 /* LoveFinder */;
			targetProxy = BFCAF2341D32299F007BD027 /* PBXContainerItemProxy */;
		};
/* End PBXTargetDependency section */

/* Begin PBXVariantGroup section */
		BFCAF21B1D32299F007BD027 /* Main.storyboard */ = {
			isa = PBXVariantGroup;
			children = (
				BFCAF21C1D32299F007BD027 /* Base */,
			);
			name = Main.storyboard;
			sourceTree = "<group>";
		};
		BFCAF2201D32299F007BD027 /* LaunchScreen.storyboard */ = {
			isa = PBXVariantGroup;
			children = (
				BFCAF2211D32299F007BD027 /* Base */,
			);
			name = LaunchScreen.storyboard;
			sourceTree = "<group>";
		};
/* End PBXVariantGroup section */

/* Begin XCBuildConfiguration section */
		BFCAF23A1D32299F007BD027 /* Debug */ = {
			isa = XCBuildConfiguration;
			buildSettings = {
				ALWAYS_SEARCH_USER_PATHS = NO;
				CLANG_ANALYZER_NONNULL = YES;
				CLANG_CXX_LANGUAGE_STANDARD = "gnu++0x";
				CLANG_CXX_LIBRARY = "libc++";
				CLANG_ENABLE_MODULES = YES;
				CLANG_ENABLE_OBJC_ARC = YES;
				CLANG_WARN_BOOL_CONVERSION = YES;
				CLANG_WARN_CONSTANT_CONVERSION = YES;
				CLANG_WARN_DIRECT_OBJC_ISA_USAGE = YES_ERROR;
				CLANG_WARN_EMPTY_BODY = YES;
				CLANG_WARN_ENUM_CONVERSION = YES;
				CLANG_WARN_INT_CONVERSION = YES;
				CLANG_WARN_OBJC_ROOT_CLASS = YES_ERROR;
				CLANG_WARN_UNREACHABLE_CODE = YES;
				CLANG_WARN__DUPLICATE_METHOD_MATCH = YES;
				"CODE_SIGN_IDENTITY[sdk=iphoneos*]" = "iPhone Developer";
				COPY_PHASE_STRIP = NO;
				DEBUG_INFORMATION_FORMAT = dwarf;
				ENABLE_STRICT_OBJC_MSGSEND = YES;
				ENABLE_TESTABILITY = YES;
				GCC_C_LANGUAGE_STANDARD = gnu99;
				GCC_DYNAMIC_NO_PIC = NO;
				GCC_NO_COMMON_BLOCKS = YES;
				GCC_OPTIMIZATION_LEVEL = 0;
				GCC_PREPROCESSOR_DEFINITIONS = (
					"DEBUG=1",
					"$(inherited)",
				);
				GCC_WARN_64_TO_32_BIT_CONVERSION = YES;
				GCC_WARN_ABOUT_RETURN_TYPE = YES_ERROR;
				GCC_WARN_UNDECLARED_SELECTOR = YES;
				GCC_WARN_UNINITIALIZED_AUTOS = YES_AGGRESSIVE;
				GCC_WARN_UNUSED_FUNCTION = YES;
				GCC_WARN_UNUSED_VARIABLE = YES;
				IPHONEOS_DEPLOYMENT_TARGET = 9.3;
				MTL_ENABLE_DEBUG_INFO = YES;
				ONLY_ACTIVE_ARCH = YES;
				SDKROOT = iphoneos;
				SWIFT_OPTIMIZATION_LEVEL = "-Onone";
			};
			name = Debug;
		};
		BFCAF23B1D32299F007BD027 /* Release */ = {
			isa = XCBuildConfiguration;
			buildSettings = {
				ALWAYS_SEARCH_USER_PATHS = NO;
				CLANG_ANALYZER_NONNULL = YES;
				CLANG_CXX_LANGUAGE_STANDARD = "gnu++0x";
				CLANG_CXX_LIBRARY = "libc++";
				CLANG_ENABLE_MODULES = YES;
				CLANG_ENABLE_OBJC_ARC = YES;
				CLANG_WARN_BOOL_CONVERSION = YES;
				CLANG_WARN_CONSTANT_CONVERSION = YES;
				CLANG_WARN_DIRECT_OBJC_ISA_USAGE = YES_ERROR;
				CLANG_WARN_EMPTY_BODY = YES;
				CLANG_WARN_ENUM_CONVERSION = YES;
				CLANG_WARN_INT_CONVERSION = YES;
				CLANG_WARN_OBJC_ROOT_CLASS = YES_ERROR;
				CLANG_WARN_UNREACHABLE_CODE = YES;
				CLANG_WARN__DUPLICATE_METHOD_MATCH = YES;
				"CODE_SIGN_IDENTITY[sdk=iphoneos*]" = "iPhone Developer";
				COPY_PHASE_STRIP = NO;
				DEBUG_INFORMATION_FORMAT = "dwarf-with-dsym";
				ENABLE_NS_ASSERTIONS = NO;
				ENABLE_STRICT_OBJC_MSGSEND = YES;
				GCC_C_LANGUAGE_STANDARD = gnu99;
				GCC_NO_COMMON_BLOCKS = YES;
				GCC_WARN_64_TO_32_BIT_CONVERSION = YES;
				GCC_WARN_ABOUT_RETURN_TYPE = YES_ERROR;
				GCC_WARN_UNDECLARED_SELECTOR = YES;
				GCC_WARN_UNINITIALIZED_AUTOS = YES_AGGRESSIVE;
				GCC_WARN_UNUSED_FUNCTION = YES;
				GCC_WARN_UNUSED_VARIABLE = YES;
				IPHONEOS_DEPLOYMENT_TARGET = 9.3;
				MTL_ENABLE_DEBUG_INFO = NO;
				SDKROOT = iphoneos;
				VALIDATE_PRODUCT = YES;
			};
			name = Release;
		};
		BFCAF23D1D32299F007BD027 /* Debug */ = {
			isa = XCBuildConfiguration;
			buildSettings = {
				ASSETCATALOG_COMPILER_APPICON_NAME = AppIcon;
				INFOPLIST_FILE = LoveFinder/Info.plist;
				LD_RUNPATH_SEARCH_PATHS = "$(inherited) @executable_path/Frameworks";
				PRODUCT_BUNDLE_IDENTIFIER = com.Vincent.LoveFinder;
				PRODUCT_NAME = "$(TARGET_NAME)";
			};
			name = Debug;
		};
		BFCAF23E1D32299F007BD027 /* Release */ = {
			isa = XCBuildConfiguration;
			buildSettings = {
				ASSETCATALOG_COMPILER_APPICON_NAME = AppIcon;
				INFOPLIST_FILE = LoveFinder/Info.plist;
				LD_RUNPATH_SEARCH_PATHS = "$(inherited) @executable_path/Frameworks";
				PRODUCT_BUNDLE_IDENTIFIER = com.Vincent.LoveFinder;
				PRODUCT_NAME = "$(TARGET_NAME)";
			};
			name = Release;
		};
		BFCAF2401D32299F007BD027 /* Debug */ = {
			isa = XCBuildConfiguration;
			buildSettings = {
				BUNDLE_LOADER = "$(TEST_HOST)";
				INFOPLIST_FILE = LoveFinderTests/Info.plist;
				LD_RUNPATH_SEARCH_PATHS = "$(inherited) @executable_path/Frameworks @loader_path/Frameworks";
				PRODUCT_BUNDLE_IDENTIFIER = com.Vincent.LoveFinderTests;
				PRODUCT_NAME = "$(TARGET_NAME)";
				TEST_HOST = "$(BUILT_PRODUCTS_DIR)/LoveFinder.app/LoveFinder";
			};
			name = Debug;
		};
		BFCAF2411D32299F007BD027 /* Release */ = {
			isa = XCBuildConfiguration;
			buildSettings = {
				BUNDLE_LOADER = "$(TEST_HOST)";
				INFOPLIST_FILE = LoveFinderTests/Info.plist;
				LD_RUNPATH_SEARCH_PATHS = "$(inherited) @executable_path/Frameworks @loader_path/Frameworks";
				PRODUCT_BUNDLE_IDENTIFIER = com.Vincent.LoveFinderTests;
				PRODUCT_NAME = "$(TARGET_NAME)";
				TEST_HOST = "$(BUILT_PRODUCTS_DIR)/LoveFinder.app/LoveFinder";
			};
			name = Release;
		};
		BFCAF2431D32299F007BD027 /* Debug */ = {
			isa = XCBuildConfiguration;
			buildSettings = {
				INFOPLIST_FILE = LoveFinderUITests/Info.plist;
				LD_RUNPATH_SEARCH_PATHS = "$(inherited) @executable_path/Frameworks @loader_path/Frameworks";
				PRODUCT_BUNDLE_IDENTIFIER = com.Vincent.LoveFinderUITests;
				PRODUCT_NAME = "$(TARGET_NAME)";
				TEST_TARGET_NAME = LoveFinder;
			};
			name = Debug;
		};
		BFCAF2441D32299F007BD027 /* Release */ = {
			isa = XCBuildConfiguration;
			buildSettings = {
				INFOPLIST_FILE = LoveFinderUITests/Info.plist;
				LD_RUNPATH_SEARCH_PATHS = "$(inherited) @executable_path/Frameworks @loader_path/Frameworks";
				PRODUCT_BUNDLE_IDENTIFIER = com.Vincent.LoveFinderUITests;
				PRODUCT_NAME = "$(TARGET_NAME)";
				TEST_TARGET_NAME = LoveFinder;
			};
			name = Release;
		};
/* End XCBuildConfiguration section */

/* Begin XCConfigurationList section */
		BFCAF20F1D32299F007BD027 /* Build configuration list for PBXProject "LoveFinder" */ = {
			isa = XCConfigurationList;
			buildConfigurations = (
				BFCAF23A1D32299F007BD027 /* Debug */,
				BFCAF23B1D32299F007BD027 /* Release */,
			);
			defaultConfigurationIsVisible = 0;
			defaultConfigurationName = Release;
		};
		BFCAF23C1D32299F007BD027 /* Build configuration list for PBXNativeTarget "LoveFinder" */ = {
			isa = XCConfigurationList;
			buildConfigurations = (
				BFCAF23D1D32299F007BD027 /* Debug */,
				BFCAF23E1D32299F007BD027 /* Release */,
			);
			defaultConfigurationIsVisible = 0;
		};
		BFCAF23F1D32299F007BD027 /* Build configuration list for PBXNativeTarget "LoveFinderTests" */ = {
			isa = XCConfigurationList;
			buildConfigurations = (
				BFCAF2401D32299F007BD027 /* Debug */,
				BFCAF2411D32299F007BD027 /* Release */,
			);
			defaultConfigurationIsVisible = 0;
		};
		BFCAF2421D32299F007BD027 /* Build configuration list for PBXNativeTarget "LoveFinderUITests" */ = {
			isa = XCConfigurationList;
			buildConfigurations = (
				BFCAF2431D32299F007BD027 /* Debug */,
				BFCAF2441D32299F007BD027 /* Release */,
			);
			defaultConfigurationIsVisible = 0;
		};
/* End XCConfigurationList section */
	};
	rootObject = BFCAF20C1D32299F007BD027 /* Project object */;
}
